
Microsoft Visual Studio Solution File, Format Version 12.00
# Visual Studio Version 16
VisualStudioVersion = 16.0.31410.357
MinimumVisualStudioVersion = 10.0.40219.1
Project("{FAE04EC0-301F-11D3-BF4B-00C04F79EFBC}") = "ProctoringWebApp", "ProctoringWebApp\ProctoringWebApp.csproj", "{67E5276A-FD51-4762-8CC1-086F65264AAB}"
EndProject
Global
	GlobalSection(SolutionConfigurationPlatforms) = preSolution
		Debug|Any CPU = Debug|Any CPU
		Release|Any CPU = Release|Any CPU
	EndGlobalSection
	GlobalSection(ProjectConfigurationPlatforms) = postSolution
		{67E5276A-FD51-4762-8CC1-086F65264AAB}.Debug|Any CPU.ActiveCfg = Debug|Any CPU
		{67E5276A-FD51-4762-8CC1-086F65264AAB}.Debug|Any CPU.Build.0 = Debug|Any CPU
		{67E5276A-FD51-4762-8CC1-086F65264AAB}.Release|Any CPU.ActiveCfg = Release|Any CPU
		{67E5276A-FD51-4762-8CC1-086F65264AAB}.Release|Any CPU.Build.0 = Release|Any CPU
	EndGlobalSection
	GlobalSection(SolutionProperties) = preSolution
		HideSolutionNode = FALSE
	EndGlobalSection
	GlobalSection(ExtensibilityGlobals) = postSolution
		SolutionGuid = {4685CA4A-4FB1-4A6A-AC0B-6DB7DBF38A83}
	EndGlobalSection
EndGlobal
